// !$*UTF8*$!
{
	archiveVersion = 1;
	classes = {
	};
	objectVersion = 46;
	objects = {

/* Begin PBXBuildFile section */
		FED037FE1A6523CC009B6A60 /* AppDelegate.swift in Sources */ = {isa = PBXBuildFile; fileRef = FED037FD1A6523CC009B6A60 /* AppDelegate.swift */; };
		FED038001A6523CC009B6A60 /* ViewController.swift in Sources */ = {isa = PBXBuildFile; fileRef = FED037FF1A6523CC009B6A60 /* ViewController.swift */; };
		FED038031A6523CC009B6A60 /* Main.storyboard in Resources */ = {isa = PBXBuildFile; fileRef = FED038011A6523CC009B6A60 /* Main.storyboard */; };
		FED038051A6523CC009B6A60 /* Images.xcassets in Resources */ = {isa = PBXBuildFile; fileRef = FED038041A6523CC009B6A60 /* Images.xcassets */; };
		FED038081A6523CC009B6A60 /* LaunchScreen.xib in Resources */ = {isa = PBXBuildFile; fileRef = FED038061A6523CC009B6A60 /* LaunchScreen.xib */; };
		FED038141A6523CC009B6A60 /* webView_appTests.swift in Sources */ = {isa = PBXBuildFile; fileRef = FED038131A6523CC009B6A60 /* webView_appTests.swift */; };
/* End PBXBuildFile section */

/* Begin PBXContainerItemProxy section */
		FED0380E1A6523CC009B6A60 /* PBXContainerItemProxy */ = {
			isa = PBXContainerItemProxy;
			containerPortal = FED037F01A6523CC009B6A60 /* Project object */;
			proxyType = 1;
			remoteGlobalIDString = FED037F71A6523CC009B6A60;
			remoteInfo = webView_app;
		};
/* End PBXContainerItemProxy section */

/* Begin PBXFileReference section */
		FED037F81A6523CC009B6A60 /* webView_app.app */ = {isa = PBXFileReference; explicitFileType = wrapper.application; includeInIndex = 0; path = webView_app.app; sourceTree = BUILT_PRODUCTS_DIR; };
		FED037FC1A6523CC009B6A60 /* Info.plist */ = {isa = PBXFileReference; lastKnownFileType = text.plist.xml; path = Info.plist; sourceTree = "<group>"; };
		FED037FD1A6523CC009B6A60 /* AppDelegate.swift */ = {isa = PBXFileReference; lastKnownFileType = sourcecode.swift; path = AppDelegate.swift; sourceTree = "<group>"; };
		FED037FF1A6523CC009B6A60 /* ViewController.swift */ = {isa = PBXFileReference; lastKnownFileType = sourcecode.swift; path = ViewController.swift; sourceTree = "<group>"; };
		FED038021A6523CC009B6A60 /* Base */ = {isa = PBXFileReference; lastKnownFileType = file.storyboard; name = Base; path = Base.lproj/Main.storyboard; sourceTree = "<group>"; };
		FED038041A6523CC009B6A60 /* Images.xcassets */ = {isa = PBXFileReference; lastKnownFileType = folder.assetcatalog; path = Images.xcassets; sourceTree = "<group>"; };
		FED038071A6523CC009B6A60 /* Base */ = {isa = PBXFileReference; lastKnownFileType = file.xib; name = Base; path = Base.lproj/LaunchScreen.xib; sourceTree = "<group>"; };
		FED0380D1A6523CC009B6A60 /* webView_appTests.xctest */ = {isa = PBXFileReference; explicitFileType = wrapper.cfbundle; includeInIndex = 0; path = webView_appTests.xctest; sourceTree = BUILT_PRODUCTS_DIR; };
		FED038121A6523CC009B6A60 /* Info.plist */ = {isa = PBXFileReference; lastKnownFileType = text.plist.xml; path = Info.plist; sourceTree = "<group>"; };
		FED038131A6523CC009B6A60 /* webView_appTests.swift */ = {isa = PBXFileReference; lastKnownFileType = sourcecode.swift; path = webView_appTests.swift; sourceTree = "<group>"; };
/* End PBXFileReference section */

/* Begin PBXFrameworksBuildPhase section */
		FED037F51A6523CC009B6A60 /* Frameworks */ = {
			isa = PBXFrameworksBuildPhase;
			buildActionMask = 2147483647;
			files = (
			);
			runOnlyForDeploymentPostprocessing = 0;
		};
		FED0380A1A6523CC009B6A60 /* Frameworks */ = {
			isa = PBXFrameworksBuildPhase;
			buildActionMask = 2147483647;
			files = (
			);
			runOnlyForDeploymentPostprocessing = 0;
		};
/* End PBXFrameworksBuildPhase section */

/* Begin PBXGroup section */
		FED037EF1A6523CC009B6A60 = {
			isa = PBXGroup;
			children = (
				FED037FA1A6523CC009B6A60 /* webView_app */,
				FED038101A6523CC009B6A60 /* webView_appTests */,
				FED037F91A6523CC009B6A60 /* Products */,
			);
			sourceTree = "<group>";
		};
		FED037F91A6523CC009B6A60 /* Products */ = {
			isa = PBXGroup;
			children = (
				FED037F81A6523CC009B6A60 /* webView_app.app */,
				FED0380D1A6523CC009B6A60 /* webView_appTests.xctest */,
			);
			name = Products;
			sourceTree = "<group>";
		};
		FED037FA1A6523CC009B6A60 /* webView_app */ = {
			isa = PBXGroup;
			children = (
				FED037FD1A6523CC009B6A60 /* AppDelegate.swift */,
				FED037FF1A6523CC009B6A60 /* ViewController.swift */,
				FED038011A6523CC009B6A60 /* Main.storyboard */,
				FED038041A6523CC009B6A60 /* Images.xcassets */,
				FED038061A6523CC009B6A60 /* LaunchScreen.xib */,
				FED037FB1A6523CC009B6A60 /* Supporting Files */,
			);
			path = webView_app;
			sourceTree = "<group>";
		};
		FED037FB1A6523CC009B6A60 /* Supporting Files */ = {
			isa = PBXGroup;
			children = (
				FED037FC1A6523CC009B6A60 /* Info.plist */,
			);
			name = "Supporting Files";
			sourceTree = "<group>";
		};
		FED038101A6523CC009B6A60 /* webView_appTests */ = {
			isa = PBXGroup;
			children = (
				FED038131A6523CC009B6A60 /* webView_appTests.swift */,
				FED038111A6523CC009B6A60 /* Supporting Files */,
			);
			path = webView_appTests;
			sourceTree = "<group>";
		};
		FED038111A6523CC009B6A60 /* Supporting Files */ = {
			isa = PBXGroup;
			children = (
				FED038121A6523CC009B6A60 /* Info.plist */,
			);
			name = "Supporting Files";
			sourceTree = "<group>";
		};
/* End PBXGroup section */

/* Begin PBXNativeTarget section */
		FED037F71A6523CC009B6A60 /* webView_app */ = {
			isa = PBXNativeTarget;
			buildConfigurationList = FED038171A6523CC009B6A60 /* Build configuration list for PBXNativeTarget "webView_app" */;
			buildPhases = (
				FED037F41A6523CC009B6A60 /* Sources */,
				FED037F51A6523CC009B6A60 /* Frameworks */,
				FED037F61A6523CC009B6A60 /* Resources */,
			);
			buildRules = (
			);
			dependencies = (
			);
			name = webView_app;
			productName = webView_app;
			productReference = FED037F81A6523CC009B6A60 /* webView_app.app */;
			productType = "com.apple.product-type.application";
		};
		FED0380C1A6523CC009B6A60 /* webView_appTests */ = {
			isa = PBXNativeTarget;
			buildConfigurationList = FED0381A1A6523CC009B6A60 /* Build configuration list for PBXNativeTarget "webView_appTests" */;
			buildPhases = (
				FED038091A6523CC009B6A60 /* Sources */,
				FED0380A1A6523CC009B6A60 /* Frameworks */,
				FED0380B1A6523CC009B6A60 /* Resources */,
			);
			buildRules = (
			);
			dependencies = (
				FED0380F1A6523CC009B6A60 /* PBXTargetDependency */,
			);
			name = webView_appTests;
			productName = webView_appTests;
			productReference = FED0380D1A6523CC009B6A60 /* webView_appTests.xctest */;
			productType = "com.apple.product-type.bundle.unit-test";
		};
/* End PBXNativeTarget section */

/* Begin PBXProject section */
		FED037F01A6523CC009B6A60 /* Project object */ = {
			isa = PBXProject;
			attributes = {
				LastUpgradeCheck = 0610;
				ORGANIZATIONNAME = Stoop;
				TargetAttributes = {
					FED037F71A6523CC009B6A60 = {
						CreatedOnToolsVersion = 6.1.1;
					};
					FED0380C1A6523CC009B6A60 = {
						CreatedOnToolsVersion = 6.1.1;
						TestTargetID = FED037F71A6523CC009B6A60;
					};
				};
			};
			buildConfigurationList = FED037F31A6523CC009B6A60 /* Build configuration list for PBXProject "webView_app" */;
			compatibilityVersion = "Xcode 3.2";
			developmentRegion = English;
			hasScannedForEncodings = 0;
			knownRegions = (
				en,
				Base,
			);
			mainGroup = FED037EF1A6523CC009B6A60;
			productRefGroup = FED037F91A6523CC009B6A60 /* Products */;
			projectDirPath = "";
			projectRoot = "";
			targets = (
				FED037F71A6523CC009B6A60 /* webView_app */,
				FED0380C1A6523CC009B6A60 /* webView_appTests */,
			);
		};
/* End PBXProject section */

/* Begin PBXResourcesBuildPhase section */
		FED037F61A6523CC009B6A60 /* Resources */ = {
			isa = PBXResourcesBuildPhase;
			buildActionMask = 2147483647;
			files = (
				FED038031A6523CC009B6A60 /* Main.storyboard in Resources */,
				FED038081A6523CC009B6A60 /* LaunchScreen.xib in Resources */,
				FED038051A6523CC009B6A60 /* Images.xcassets in Resources */,
			);
			runOnlyForDeploymentPostprocessing = 0;
		};
		FED0380B1A6523CC009B6A60 /* Resources */ = {
			isa = PBXResourcesBuildPhase;
			buildActionMask = 2147483647;
			files = (
			);
			runOnlyForDeploymentPostprocessing = 0;
		};
/* End PBXResourcesBuildPhase section */

/* Begin PBXSourcesBuildPhase section */
		FED037F41A6523CC009B6A60 /* Sources */ = {
			isa = PBXSourcesBuildPhase;
			buildActionMask = 2147483647;
			files = (
				FED038001A6523CC009B6A60 /* ViewController.swift in Sources */,
				FED037FE1A6523CC009B6A60 /* AppDelegate.swift in Sources */,
			);
			runOnlyForDeploymentPostprocessing = 0;
		};
		FED038091A6523CC009B6A60 /* Sources */ = {
			isa = PBXSourcesBuildPhase;
			buildActionMask = 2147483647;
			files = (
				FED038141A6523CC009B6A60 /* webView_appTests.swift in Sources */,
			);
			runOnlyForDeploymentPostprocessing = 0;
		};
/* End PBXSourcesBuildPhase section */

/* Begin PBXTargetDependency section */
		FED0380F1A6523CC009B6A60 /* PBXTargetDependency */ = {
			isa = PBXTargetDependency;
			target = FED037F71A6523CC009B6A60 /* webView_app */;
			targetProxy = FED0380E1A6523CC009B6A60 /* PBXContainerItemProxy */;
		};
/* End PBXTargetDependency section */

/* Begin PBXVariantGroup section */
		FED038011A6523CC009B6A60 /* Main.storyboard */ = {
			isa = PBXVariantGroup;
			children = (
				FED038021A6523CC009B6A60 /* Base */,
			);
			name = Main.storyboard;
			sourceTree = "<group>";
		};
		FED038061A6523CC009B6A60 /* LaunchScreen.xib */ = {
			isa = PBXVariantGroup;
			children = (
				FED038071A6523CC009B6A60 /* Base */,
			);
			name = LaunchScreen.xib;
			sourceTree = "<group>";
		};
/* End PBXVariantGroup section */

/* Begin XCBuildConfiguration section */
		FED038151A6523CC009B6A60 /* Debug */ = {
			isa = XCBuildConfiguration;
			buildSettings = {
				ALWAYS_SEARCH_USER_PATHS = NO;
				CLANG_CXX_LANGUAGE_STANDARD = "gnu++0x";
				CLANG_CXX_LIBRARY = "libc++";
				CLANG_ENABLE_MODULES = YES;
				CLANG_ENABLE_OBJC_ARC = YES;
				CLANG_WARN_BOOL_CONVERSION = YES;
				CLANG_WARN_CONSTANT_CONVERSION = YES;
				CLANG_WARN_DIRECT_OBJC_ISA_USAGE = YES_ERROR;
				CLANG_WARN_EMPTY_BODY = YES;
				CLANG_WARN_ENUM_CONVERSION = YES;
				CLANG_WARN_INT_CONVERSION = YES;
				CLANG_WARN_OBJC_ROOT_CLASS = YES_ERROR;
				CLANG_WARN_UNREACHABLE_CODE = YES;
				CLANG_WARN__DUPLICATE_METHOD_MATCH = YES;
				"CODE_SIGN_IDENTITY[sdk=iphoneos*]" = "iPhone Developer";
				COPY_PHASE_STRIP = NO;
				ENABLE_STRICT_OBJC_MSGSEND = YES;
				GCC_C_LANGUAGE_STANDARD = gnu99;
				GCC_DYNAMIC_NO_PIC = NO;
				GCC_OPTIMIZATION_LEVEL = 0;
				GCC_PREPROCESSOR_DEFINITIONS = (
					"DEBUG=1",
					"$(inherited)",
				);
				GCC_SYMBOLS_PRIVATE_EXTERN = NO;
				GCC_WARN_64_TO_32_BIT_CONVERSION = YES;
				GCC_WARN_ABOUT_RETURN_TYPE = YES_ERROR;
				GCC_WARN_UNDECLARED_SELECTOR = YES;
				GCC_WARN_UNINITIALIZED_AUTOS = YES_AGGRESSIVE;
				GCC_WARN_UNUSED_FUNCTION = YES;
				GCC_WARN_UNUSED_VARIABLE = YES;
				IPHONEOS_DEPLOYMENT_TARGET = 8.1;
				MTL_ENABLE_DEBUG_INFO = YES;
				ONLY_ACTIVE_ARCH = YES;
				SDKROOT = iphoneos;
				SWIFT_OPTIMIZATION_LEVEL = "-Onone";
			};
			name = Debug;
		};
		FED038161A6523CC009B6A60 /* Release */ = {
			isa = XCBuildConfiguration;
			buildSettings = {
				ALWAYS_SEARCH_USER_PATHS = NO;
				CLANG_CXX_LANGUAGE_STANDARD = "gnu++0x";
				CLANG_CXX_LIBRARY = "libc++";
				CLANG_ENABLE_MODULES = YES;
				CLANG_ENABLE_OBJC_ARC = YES;
				CLANG_WARN_BOOL_CONVERSION = YES;
				CLANG_WARN_CONSTANT_CONVERSION = YES;
				CLANG_WARN_DIRECT_OBJC_ISA_USAGE = YES_ERROR;
				CLANG_WARN_EMPTY_BODY = YES;
				CLANG_WARN_ENUM_CONVERSION = YES;
				CLANG_WARN_INT_CONVERSION = YES;
				CLANG_WARN_OBJC_ROOT_CLASS = YES_ERROR;
				CLANG_WARN_UNREACHABLE_CODE = YES;
				CLANG_WARN__DUPLICATE_METHOD_MATCH = YES;
				"CODE_SIGN_IDENTITY[sdk=iphoneos*]" = "iPhone Developer";
				COPY_PHASE_STRIP = YES;
				ENABLE_NS_ASSERTIONS = NO;
				ENABLE_STRICT_OBJC_MSGSEND = YES;
				GCC_C_LANGUAGE_STANDARD = gnu99;
				GCC_WARN_64_TO_32_BIT_CONVERSION = YES;
				GCC_WARN_ABOUT_RETURN_TYPE = YES_ERROR;
				GCC_WARN_UNDECLARED_SELECTOR = YES;
				GCC_WARN_UNINITIALIZED_AUTOS = YES_AGGRESSIVE;
				GCC_WARN_UNUSED_FUNCTION = YES;
				GCC_WARN_UNUSED_VARIABLE = YES;
				IPHONEOS_DEPLOYMENT_TARGET = 8.1;
				MTL_ENABLE_DEBUG_INFO = NO;
				SDKROOT = iphoneos;
				VALIDATE_PRODUCT = YES;
			};
			name = Release;
		};
		FED038181A6523CC009B6A60 /* Debug */ = {
			isa = XCBuildConfiguration;
			buildSettings = {
				ASSETCATALOG_COMPILER_APPICON_NAME = AppIcon;
				INFOPLIST_FILE = webView_app/Info.plist;
				LD_RUNPATH_SEARCH_PATHS = "$(inherited) @executable_path/Frameworks";
				PRODUCT_NAME = "$(TARGET_NAME)";
			};
			name = Debug;
		};
		FED038191A6523CC009B6A60 /* Release */ = {
			isa = XCBuildConfiguration;
			buildSettings = {
				ASSETCATALOG_COMPILER_APPICON_NAME = AppIcon;
				INFOPLIST_FILE = webView_app/Info.plist;
				LD_RUNPATH_SEARCH_PATHS = "$(inherited) @executable_path/Frameworks";
				PRODUCT_NAME = "$(TARGET_NAME)";
			};
			name = Release;
		};
		FED0381B1A6523CC009B6A60 /* Debug */ = {
			isa = XCBuildConfiguration;
			buildSettings = {
				BUNDLE_LOADER = "$(TEST_HOST)";
				FRAMEWORK_SEARCH_PATHS = (
					"$(SDKROOT)/Developer/Library/Frameworks",
					"$(inherited)",
				);
				GCC_PREPROCESSOR_DEFINITIONS = (
					"DEBUG=1",
					"$(inherited)",
				);
				INFOPLIST_FILE = webView_appTests/Info.plist;
				LD_RUNPATH_SEARCH_PATHS = "$(inherited) @executable_path/Frameworks @loader_path/Frameworks";
				PRODUCT_NAME = "$(TARGET_NAME)";
				TEST_HOST = "$(BUILT_PRODUCTS_DIR)/webView_app.app/webView_app";
			};
			name = Debug;
		};
		FED0381C1A6523CC009B6A60 /* Release */ = {
			isa = XCBuildConfiguration;
			buildSettings = {
				BUNDLE_LOADER = "$(TEST_HOST)";
				FRAMEWORK_SEARCH_PATHS = (
					"$(SDKROOT)/Developer/Library/Frameworks",
					"$(inherited)",
				);
				INFOPLIST_FILE = webView_appTests/Info.plist;
				LD_RUNPATH_SEARCH_PATHS = "$(inherited) @executable_path/Frameworks @loader_path/Frameworks";
				PRODUCT_NAME = "$(TARGET_NAME)";
				TEST_HOST = "$(BUILT_PRODUCTS_DIR)/webView_app.app/webView_app";
			};
			name = Release;
		};
/* End XCBuildConfiguration section */

/* Begin XCConfigurationList section */
		FED037F31A6523CC009B6A60 /* Build configuration list for PBXProject "webView_app" */ = {
			isa = XCConfigurationList;
			buildConfigurations = (
				FED038151A6523CC009B6A60 /* Debug */,
				FED038161A6523CC009B6A60 /* Release */,
			);
			defaultConfigurationIsVisible = 0;
			defaultConfigurationName = Release;
		};
		FED038171A6523CC009B6A60 /* Build configuration list for PBXNativeTarget "webView_app" */ = {
			isa = XCConfigurationList;
			buildConfigurations = (
				FED038181A6523CC009B6A60 /* Debug */,
				FED038191A6523CC009B6A60 /* Release */,
			);
			defaultConfigurationIsVisible = 0;
		};
		FED0381A1A6523CC009B6A60 /* Build configuration list for PBXNativeTarget "webView_appTests" */ = {
			isa = XCConfigurationList;
			buildConfigurations = (
				FED0381B1A6523CC009B6A60 /* Debug */,
				FED0381C1A6523CC009B6A60 /* Release */,
			);
			defaultConfigurationIsVisible = 0;
		};
/* End XCConfigurationList section */
	};
	rootObject = FED037F01A6523CC009B6A60 /* Project object */;
}
